
Microsoft Visual Studio Solution File, Format Version 12.00
# Visual Studio Version 17
VisualStudioVersion = 17.13.35931.197
MinimumVisualStudioVersion = 10.0.40219.1
Project("{FAE04EC0-301F-11D3-BF4B-00C04F79EFBC}") = "VibeQuest", "VibeQuest.csproj", "{F29F0743-2B5D-403B-AFEB-F145C6F24BBF}"
EndProject
Global
	GlobalSection(SolutionConfigurationPlatforms) = preSolution
		Debug|Any CPU = Debug|Any CPU
		Release|Any CPU = Release|Any CPU
	EndGlobalSection
	GlobalSection(ProjectConfigurationPlatforms) = postSolution
		{F29F0743-2B5D-403B-AFEB-F145C6F24BBF}.Debug|Any CPU.ActiveCfg = Debug|Any CPU
		{F29F0743-2B5D-403B-AFEB-F145C6F24BBF}.Debug|Any CPU.Build.0 = Debug|Any CPU
		{F29F0743-2B5D-403B-AFEB-F145C6F24BBF}.Release|Any CPU.ActiveCfg = Release|Any CPU
		{F29F0743-2B5D-403B-AFEB-F145C6F24BBF}.Release|Any CPU.Build.0 = Release|Any CPU
	EndGlobalSection
	GlobalSection(SolutionProperties) = preSolution
		HideSolutionNode = FALSE
	EndGlobalSection
	GlobalSection(ExtensibilityGlobals) = postSolution
		SolutionGuid = {D8428654-30FB-46B4-9CFD-1A6C1A31EB96}
	EndGlobalSection
EndGlobal
